// !$*UTF8*$!
{
	archiveVersion = 1;
	classes = {
	};
	objectVersion = 50;
	objects = {

/* Begin PBXBuildFile section */
		04045CB92462384800B16C67 /* AppDelegate.swift in Sources */ = {isa = PBXBuildFile; fileRef = 04045CB82462384800B16C67 /* AppDelegate.swift */; };
		04045CBB2462384800B16C67 /* SceneDelegate.swift in Sources */ = {isa = PBXBuildFile; fileRef = 04045CBA2462384800B16C67 /* SceneDelegate.swift */; };
		04045CBD2462384800B16C67 /* ContentView.swift in Sources */ = {isa = PBXBuildFile; fileRef = 04045CBC2462384800B16C67 /* ContentView.swift */; };
		04045CBF2462384A00B16C67 /* Assets.xcassets in Resources */ = {isa = PBXBuildFile; fileRef = 04045CBE2462384A00B16C67 /* Assets.xcassets */; };
		04045CC22462384A00B16C67 /* Preview Assets.xcassets in Resources */ = {isa = PBXBuildFile; fileRef = 04045CC12462384A00B16C67 /* Preview Assets.xcassets */; };
		04045CC52462384A00B16C67 /* LaunchScreen.storyboard in Resources */ = {isa = PBXBuildFile; fileRef = 04045CC32462384A00B16C67 /* LaunchScreen.storyboard */; };
		04045CCE24623AC700B16C67 /* NetwokManager.swift in Sources */ = {isa = PBXBuildFile; fileRef = 04045CCD24623AC700B16C67 /* NetwokManager.swift */; };
		04045CD024623C4200B16C67 /* PostData.swift in Sources */ = {isa = PBXBuildFile; fileRef = 04045CCF24623C4200B16C67 /* PostData.swift */; };
		04B5D89824645E6D002F3CCA /* DetailView.swift in Sources */ = {isa = PBXBuildFile; fileRef = 04B5D89724645E6D002F3CCA /* DetailView.swift */; };
		04B5D89A24646551002F3CCA /* WebView.swift in Sources */ = {isa = PBXBuildFile; fileRef = 04B5D89924646551002F3CCA /* WebView.swift */; };
/* End PBXBuildFile section */

/* Begin PBXFileReference section */
		04045CB52462384800B16C67 /* Hacker News.app */ = {isa = PBXFileReference; explicitFileType = wrapper.application; includeInIndex = 0; path = "Hacker News.app"; sourceTree = BUILT_PRODUCTS_DIR; };
		04045CB82462384800B16C67 /* AppDelegate.swift */ = {isa = PBXFileReference; lastKnownFileType = sourcecode.swift; path = AppDelegate.swift; sourceTree = "<group>"; };
		04045CBA2462384800B16C67 /* SceneDelegate.swift */ = {isa = PBXFileReference; lastKnownFileType = sourcecode.swift; path = SceneDelegate.swift; sourceTree = "<group>"; };
		04045CBC2462384800B16C67 /* ContentView.swift */ = {isa = PBXFileReference; lastKnownFileType = sourcecode.swift; path = ContentView.swift; sourceTree = "<group>"; };
		04045CBE2462384A00B16C67 /* Assets.xcassets */ = {isa = PBXFileReference; lastKnownFileType = folder.assetcatalog; path = Assets.xcassets; sourceTree = "<group>"; };
		04045CC12462384A00B16C67 /* Preview Assets.xcassets */ = {isa = PBXFileReference; lastKnownFileType = folder.assetcatalog; path = "Preview Assets.xcassets"; sourceTree = "<group>"; };
		04045CC42462384A00B16C67 /* Base */ = {isa = PBXFileReference; lastKnownFileType = file.storyboard; name = Base; path = Base.lproj/LaunchScreen.storyboard; sourceTree = "<group>"; };
		04045CC62462384A00B16C67 /* Info.plist */ = {isa = PBXFileReference; lastKnownFileType = text.plist.xml; path = Info.plist; sourceTree = "<group>"; };
		04045CCD24623AC700B16C67 /* NetwokManager.swift */ = {isa = PBXFileReference; lastKnownFileType = sourcecode.swift; path = NetwokManager.swift; sourceTree = "<group>"; };
		04045CCF24623C4200B16C67 /* PostData.swift */ = {isa = PBXFileReference; lastKnownFileType = sourcecode.swift; path = PostData.swift; sourceTree = "<group>"; };
		04B5D89724645E6D002F3CCA /* DetailView.swift */ = {isa = PBXFileReference; lastKnownFileType = sourcecode.swift; path = DetailView.swift; sourceTree = "<group>"; };
		04B5D89924646551002F3CCA /* WebView.swift */ = {isa = PBXFileReference; lastKnownFileType = sourcecode.swift; path = WebView.swift; sourceTree = "<group>"; };
		04B5D89B246466D7002F3CCA /* Hacker News.entitlements */ = {isa = PBXFileReference; lastKnownFileType = text.plist.entitlements; path = "Hacker News.entitlements"; sourceTree = "<group>"; };
/* End PBXFileReference section */

/* Begin PBXFrameworksBuildPhase section */
		04045CB22462384800B16C67 /* Frameworks */ = {
			isa = PBXFrameworksBuildPhase;
			buildActionMask = 2147483647;
			files = (
			);
			runOnlyForDeploymentPostprocessing = 0;
		};
/* End PBXFrameworksBuildPhase section */

/* Begin PBXGroup section */
		04045CAC2462384800B16C67 = {
			isa = PBXGroup;
			children = (
				04045CB72462384800B16C67 /* Hacker News */,
				04045CB62462384800B16C67 /* Products */,
			);
			sourceTree = "<group>";
		};
		04045CB62462384800B16C67 /* Products */ = {
			isa = PBXGroup;
			children = (
				04045CB52462384800B16C67 /* Hacker News.app */,
			);
			name = Products;
			sourceTree = "<group>";
		};
		04045CB72462384800B16C67 /* Hacker News */ = {
			isa = PBXGroup;
			children = (
				04B5D89B246466D7002F3CCA /* Hacker News.entitlements */,
				04045CCC24623A9800B16C67 /* Model */,
				04045CB82462384800B16C67 /* AppDelegate.swift */,
				04045CBA2462384800B16C67 /* SceneDelegate.swift */,
				04B5D89624645E53002F3CCA /* VIews */,
				04045CBE2462384A00B16C67 /* Assets.xcassets */,
				04045CC32462384A00B16C67 /* LaunchScreen.storyboard */,
				04045CC62462384A00B16C67 /* Info.plist */,
				04045CC02462384A00B16C67 /* Preview Content */,
			);
			path = "Hacker News";
			sourceTree = "<group>";
		};
		04045CC02462384A00B16C67 /* Preview Content */ = {
			isa = PBXGroup;
			children = (
				04045CC12462384A00B16C67 /* Preview Assets.xcassets */,
			);
			path = "Preview Content";
			sourceTree = "<group>";
		};
		04045CCC24623A9800B16C67 /* Model */ = {
			isa = PBXGroup;
			children = (
				04045CCD24623AC700B16C67 /* NetwokManager.swift */,
				04045CCF24623C4200B16C67 /* PostData.swift */,
			);
			path = Model;
			sourceTree = "<group>";
		};
		04B5D89624645E53002F3CCA /* VIews */ = {
			isa = PBXGroup;
			children = (
				04045CBC2462384800B16C67 /* ContentView.swift */,
				04B5D89724645E6D002F3CCA /* DetailView.swift */,
				04B5D89924646551002F3CCA /* WebView.swift */,
			);
			path = VIews;
			sourceTree = "<group>";
		};
/* End PBXGroup section */

/* Begin PBXNativeTarget section */
		04045CB42462384800B16C67 /* Hacker News */ = {
			isa = PBXNativeTarget;
			buildConfigurationList = 04045CC92462384A00B16C67 /* Build configuration list for PBXNativeTarget "Hacker News" */;
			buildPhases = (
				04045CB12462384800B16C67 /* Sources */,
				04045CB22462384800B16C67 /* Frameworks */,
				04045CB32462384800B16C67 /* Resources */,
			);
			buildRules = (
			);
			dependencies = (
			);
			name = "Hacker News";
			productName = "Hacker News";
			productReference = 04045CB52462384800B16C67 /* Hacker News.app */;
			productType = "com.apple.product-type.application";
		};
/* End PBXNativeTarget section */

/* Begin PBXProject section */
		04045CAD2462384800B16C67 /* Project object */ = {
			isa = PBXProject;
			attributes = {
				LastSwiftUpdateCheck = 1140;
				LastUpgradeCheck = 1140;
				ORGANIZATIONNAME = "Ghayoor ul Haq";
				TargetAttributes = {
					04045CB42462384800B16C67 = {
						CreatedOnToolsVersion = 11.4.1;
					};
				};
			};
			buildConfigurationList = 04045CB02462384800B16C67 /* Build configuration list for PBXProject "Hacker News" */;
			compatibilityVersion = "Xcode 9.3";
			developmentRegion = en;
			hasScannedForEncodings = 0;
			knownRegions = (
				en,
				Base,
			);
			mainGroup = 04045CAC2462384800B16C67;
			productRefGroup = 04045CB62462384800B16C67 /* Products */;
			projectDirPath = "";
			projectRoot = "";
			targets = (
				04045CB42462384800B16C67 /* Hacker News */,
			);
		};
/* End PBXProject section */

/* Begin PBXResourcesBuildPhase section */
		04045CB32462384800B16C67 /* Resources */ = {
			isa = PBXResourcesBuildPhase;
			buildActionMask = 2147483647;
			files = (
				04045CC52462384A00B16C67 /* LaunchScreen.storyboard in Resources */,
				04045CC22462384A00B16C67 /* Preview Assets.xcassets in Resources */,
				04045CBF2462384A00B16C67 /* Assets.xcassets in Resources */,
			);
			runOnlyForDeploymentPostprocessing = 0;
		};
/* End PBXResourcesBuildPhase section */

/* Begin PBXSourcesBuildPhase section */
		04045CB12462384800B16C67 /* Sources */ = {
			isa = PBXSourcesBuildPhase;
			buildActionMask = 2147483647;
			files = (
				04045CD024623C4200B16C67 /* PostData.swift in Sources */,
				04B5D89824645E6D002F3CCA /* DetailView.swift in Sources */,
				04045CB92462384800B16C67 /* AppDelegate.swift in Sources */,
				04045CCE24623AC700B16C67 /* NetwokManager.swift in Sources */,
				04045CBB2462384800B16C67 /* SceneDelegate.swift in Sources */,
				04045CBD2462384800B16C67 /* ContentView.swift in Sources */,
				04B5D89A24646551002F3CCA /* WebView.swift in Sources */,
			);
			runOnlyForDeploymentPostprocessing = 0;
		};
/* End PBXSourcesBuildPhase section */

/* Begin PBXVariantGroup section */
		04045CC32462384A00B16C67 /* LaunchScreen.storyboard */ = {
			isa = PBXVariantGroup;
			children = (
				04045CC42462384A00B16C67 /* Base */,
			);
			name = LaunchScreen.storyboard;
			sourceTree = "<group>";
		};
/* End PBXVariantGroup section */

/* Begin XCBuildConfiguration section */
		04045CC72462384A00B16C67 /* Debug */ = {
			isa = XCBuildConfiguration;
			buildSettings = {
				ALWAYS_SEARCH_USER_PATHS = NO;
				CLANG_ANALYZER_NONNULL = YES;
				CLANG_ANALYZER_NUMBER_OBJECT_CONVERSION = YES_AGGRESSIVE;
				CLANG_CXX_LANGUAGE_STANDARD = "gnu++14";
				CLANG_CXX_LIBRARY = "libc++";
				CLANG_ENABLE_MODULES = YES;
				CLANG_ENABLE_OBJC_ARC = YES;
				CLANG_ENABLE_OBJC_WEAK = YES;
				CLANG_WARN_BLOCK_CAPTURE_AUTORELEASING = YES;
				CLANG_WARN_BOOL_CONVERSION = YES;
				CLANG_WARN_COMMA = YES;
				CLANG_WARN_CONSTANT_CONVERSION = YES;
				CLANG_WARN_DEPRECATED_OBJC_IMPLEMENTATIONS = YES;
				CLANG_WARN_DIRECT_OBJC_ISA_USAGE = YES_ERROR;
				CLANG_WARN_DOCUMENTATION_COMMENTS = YES;
				CLANG_WARN_EMPTY_BODY = YES;
				CLANG_WARN_ENUM_CONVERSION = YES;
				CLANG_WARN_INFINITE_RECURSION = YES;
				CLANG_WARN_INT_CONVERSION = YES;
				CLANG_WARN_NON_LITERAL_NULL_CONVERSION = YES;
				CLANG_WARN_OBJC_IMPLICIT_RETAIN_SELF = YES;
				CLANG_WARN_OBJC_LITERAL_CONVERSION = YES;
				CLANG_WARN_OBJC_ROOT_CLASS = YES_ERROR;
				CLANG_WARN_RANGE_LOOP_ANALYSIS = YES;
				CLANG_WARN_STRICT_PROTOTYPES = YES;
				CLANG_WARN_SUSPICIOUS_MOVE = YES;
				CLANG_WARN_UNGUARDED_AVAILABILITY = YES_AGGRESSIVE;
				CLANG_WARN_UNREACHABLE_CODE = YES;
				CLANG_WARN__DUPLICATE_METHOD_MATCH = YES;
				COPY_PHASE_STRIP = NO;
				DEBUG_INFORMATION_FORMAT = dwarf;
				ENABLE_STRICT_OBJC_MSGSEND = YES;
				ENABLE_TESTABILITY = YES;
				GCC_C_LANGUAGE_STANDARD = gnu11;
				GCC_DYNAMIC_NO_PIC = NO;
				GCC_NO_COMMON_BLOCKS = YES;
				GCC_OPTIMIZATION_LEVEL = 0;
				GCC_PREPROCESSOR_DEFINITIONS = (
					"DEBUG=1",
					"$(inherited)",
				);
				GCC_WARN_64_TO_32_BIT_CONVERSION = YES;
				GCC_WARN_ABOUT_RETURN_TYPE = YES_ERROR;
				GCC_WARN_UNDECLARED_SELECTOR = YES;
				GCC_WARN_UNINITIALIZED_AUTOS = YES_AGGRESSIVE;
				GCC_WARN_UNUSED_FUNCTION = YES;
				GCC_WARN_UNUSED_VARIABLE = YES;
				IPHONEOS_DEPLOYMENT_TARGET = 13.4;
				MTL_ENABLE_DEBUG_INFO = INCLUDE_SOURCE;
				MTL_FAST_MATH = YES;
				ONLY_ACTIVE_ARCH = YES;
				SDKROOT = iphoneos;
				SWIFT_ACTIVE_COMPILATION_CONDITIONS = DEBUG;
				SWIFT_OPTIMIZATION_LEVEL = "-Onone";
			};
			name = Debug;
		};
		04045CC82462384A00B16C67 /* Release */ = {
			isa = XCBuildConfiguration;
			buildSettings = {
				ALWAYS_SEARCH_USER_PATHS = NO;
				CLANG_ANALYZER_NONNULL = YES;
				CLANG_ANALYZER_NUMBER_OBJECT_CONVERSION = YES_AGGRESSIVE;
				CLANG_CXX_LANGUAGE_STANDARD = "gnu++14";
				CLANG_CXX_LIBRARY = "libc++";
				CLANG_ENABLE_MODULES = YES;
				CLANG_ENABLE_OBJC_ARC = YES;
				CLANG_ENABLE_OBJC_WEAK = YES;
				CLANG_WARN_BLOCK_CAPTURE_AUTORELEASING = YES;
				CLANG_WARN_BOOL_CONVERSION = YES;
				CLANG_WARN_COMMA = YES;
				CLANG_WARN_CONSTANT_CONVERSION = YES;
				CLANG_WARN_DEPRECATED_OBJC_IMPLEMENTATIONS = YES;
				CLANG_WARN_DIRECT_OBJC_ISA_USAGE = YES_ERROR;
				CLANG_WARN_DOCUMENTATION_COMMENTS = YES;
				CLANG_WARN_EMPTY_BODY = YES;
				CLANG_WARN_ENUM_CONVERSION = YES;
				CLANG_WARN_INFINITE_RECURSION = YES;
				CLANG_WARN_INT_CONVERSION = YES;
				CLANG_WARN_NON_LITERAL_NULL_CONVERSION = YES;
				CLANG_WARN_OBJC_IMPLICIT_RETAIN_SELF = YES;
				CLANG_WARN_OBJC_LITERAL_CONVERSION = YES;
				CLANG_WARN_OBJC_ROOT_CLASS = YES_ERROR;
				CLANG_WARN_RANGE_LOOP_ANALYSIS = YES;
				CLANG_WARN_STRICT_PROTOTYPES = YES;
				CLANG_WARN_SUSPICIOUS_MOVE = YES;
				CLANG_WARN_UNGUARDED_AVAILABILITY = YES_AGGRESSIVE;
				CLANG_WARN_UNREACHABLE_CODE = YES;
				CLANG_WARN__DUPLICATE_METHOD_MATCH = YES;
				COPY_PHASE_STRIP = NO;
				DEBUG_INFORMATION_FORMAT = "dwarf-with-dsym";
				ENABLE_NS_ASSERTIONS = NO;
				ENABLE_STRICT_OBJC_MSGSEND = YES;
				GCC_C_LANGUAGE_STANDARD = gnu11;
				GCC_NO_COMMON_BLOCKS = YES;
				GCC_WARN_64_TO_32_BIT_CONVERSION = YES;
				GCC_WARN_ABOUT_RETURN_TYPE = YES_ERROR;
				GCC_WARN_UNDECLARED_SELECTOR = YES;
				GCC_WARN_UNINITIALIZED_AUTOS = YES_AGGRESSIVE;
				GCC_WARN_UNUSED_FUNCTION = YES;
				GCC_WARN_UNUSED_VARIABLE = YES;
				IPHONEOS_DEPLOYMENT_TARGET = 13.4;
				MTL_ENABLE_DEBUG_INFO = NO;
				MTL_FAST_MATH = YES;
				SDKROOT = iphoneos;
				SWIFT_COMPILATION_MODE = wholemodule;
				SWIFT_OPTIMIZATION_LEVEL = "-O";
				VALIDATE_PRODUCT = YES;
			};
			name = Release;
		};
		04045CCA2462384A00B16C67 /* Debug */ = {
			isa = XCBuildConfiguration;
			buildSettings = {
				ASSETCATALOG_COMPILER_APPICON_NAME = AppIcon;
				CODE_SIGN_ENTITLEMENTS = "Hacker News/Hacker News.entitlements";
				"CODE_SIGN_IDENTITY[sdk=macosx*]" = "-";
				CODE_SIGN_STYLE = Automatic;
				DEVELOPMENT_ASSET_PATHS = "\"Hacker News/Preview Content\"";
				DEVELOPMENT_TEAM = "";
				ENABLE_PREVIEWS = YES;
				INFOPLIST_FILE = "Hacker News/Info.plist";
				LD_RUNPATH_SEARCH_PATHS = (
					"$(inherited)",
					"@executable_path/Frameworks",
				);
				PRODUCT_BUNDLE_IDENTIFIER = "com.Hacker-News";
				PRODUCT_NAME = "$(TARGET_NAME)";
				SUPPORTS_MACCATALYST = YES;
				SWIFT_VERSION = 5.0;
				TARGETED_DEVICE_FAMILY = "1,2";
			};
			name = Debug;
		};
		04045CCB2462384A00B16C67 /* Release */ = {
			isa = XCBuildConfiguration;
			buildSettings = {
				ASSETCATALOG_COMPILER_APPICON_NAME = AppIcon;
				CODE_SIGN_ENTITLEMENTS = "Hacker News/Hacker News.entitlements";
				"CODE_SIGN_IDENTITY[sdk=macosx*]" = "-";
				CODE_SIGN_STYLE = Automatic;
				DEVELOPMENT_ASSET_PATHS = "\"Hacker News/Preview Content\"";
				DEVELOPMENT_TEAM = "";
				ENABLE_PREVIEWS = YES;
				INFOPLIST_FILE = "Hacker News/Info.plist";
				LD_RUNPATH_SEARCH_PATHS = (
					"$(inherited)",
					"@executable_path/Frameworks",
				);
				PRODUCT_BUNDLE_IDENTIFIER = "com.Hacker-News";
				PRODUCT_NAME = "$(TARGET_NAME)";
				SUPPORTS_MACCATALYST = YES;
				SWIFT_VERSION = 5.0;
				TARGETED_DEVICE_FAMILY = "1,2";
			};
			name = Release;
		};
/* End XCBuildConfiguration section */

/* Begin XCConfigurationList section */
		04045CB02462384800B16C67 /* Build configuration list for PBXProject "Hacker News" */ = {
			isa = XCConfigurationList;
			buildConfigurations = (
				04045CC72462384A00B16C67 /* Debug */,
				04045CC82462384A00B16C67 /* Release */,
			);
			defaultConfigurationIsVisible = 0;
			defaultConfigurationName = Release;
		};
		04045CC92462384A00B16C67 /* Build configuration list for PBXNativeTarget "Hacker News" */ = {
			isa = XCConfigurationList;
			buildConfigurations = (
				04045CCA2462384A00B16C67 /* Debug */,
				04045CCB2462384A00B16C67 /* Release */,
			);
			defaultConfigurationIsVisible = 0;
			defaultConfigurationName = Release;
		};
/* End XCConfigurationList section */
	};
	rootObject = 04045CAD2462384800B16C67 /* Project object */;
}
